
Microsoft Visual Studio Solution File, Format Version 12.00
# Visual Studio Version 17
VisualStudioVersion = 17.4.33110.190
MinimumVisualStudioVersion = 10.0.40219.1
Project("{9A19103F-16F7-4668-BE54-9A1E7A4F7556}") = "uralsib2beancount", "uralsib2beancount.csproj", "{9A17E5C7-D4D8-481B-82F2-B7105B0A138D}"
EndProject
Global
	GlobalSection(SolutionConfigurationPlatforms) = preSolution
		Debug|Any CPU = Debug|Any CPU
		Release|Any CPU = Release|Any CPU
	EndGlobalSection
	GlobalSection(ProjectConfigurationPlatforms) = postSolution
		{9A17E5C7-D4D8-481B-82F2-B7105B0A138D}.Debug|Any CPU.ActiveCfg = Debug|Any CPU
		{9A17E5C7-D4D8-481B-82F2-B7105B0A138D}.Debug|Any CPU.Build.0 = Debug|Any CPU
		{9A17E5C7-D4D8-481B-82F2-B7105B0A138D}.Release|Any CPU.ActiveCfg = Release|Any CPU
		{9A17E5C7-D4D8-481B-82F2-B7105B0A138D}.Release|Any CPU.Build.0 = Release|Any CPU
	EndGlobalSection
	GlobalSection(SolutionProperties) = preSolution
		HideSolutionNode = FALSE
	EndGlobalSection
	GlobalSection(ExtensibilityGlobals) = postSolution
		SolutionGuid = {1DAD4F8D-C707-4E3A-93AB-0AC4F4ACC9B0}
	EndGlobalSection
EndGlobal
